
Microsoft Visual Studio Solution File, Format Version 12.00
# Visual Studio 14
VisualStudioVersion = 14.0.25420.1
MinimumVisualStudioVersion = 10.0.40219.1
Project("{FAE04EC0-301F-11D3-BF4B-00C04F79EFBC}") = "TempHire", "TempHire\TempHire.csproj", "{0A0DFC6D-4DC2-4C0D-8549-30B17C1F4521}"
EndProject
Project("{FAE04EC0-301F-11D3-BF4B-00C04F79EFBC}") = "DomainModel", "DomainModel\DomainModel.csproj", "{58F6DA15-8C8C-4FC0-A277-A6FFCDEDBF24}"
EndProject
Global
	GlobalSection(SolutionConfigurationPlatforms) = preSolution
		Debug|Any CPU = Debug|Any CPU
		Demo|Any CPU = Demo|Any CPU
		Fakestore|Any CPU = Fakestore|Any CPU
		Release|Any CPU = Release|Any CPU
	EndGlobalSection
	GlobalSection(ProjectConfigurationPlatforms) = postSolution
		{58F6DA15-8C8C-4FC0-A277-A6FFCDEDBF24}.Debug|Any CPU.ActiveCfg = Debug|Any CPU
		{58F6DA15-8C8C-4FC0-A277-A6FFCDEDBF24}.Debug|Any CPU.Build.0 = Debug|Any CPU
		{58F6DA15-8C8C-4FC0-A277-A6FFCDEDBF24}.Demo|Any CPU.ActiveCfg = Demo|Any CPU
		{58F6DA15-8C8C-4FC0-A277-A6FFCDEDBF24}.Demo|Any CPU.Build.0 = Demo|Any CPU
		{58F6DA15-8C8C-4FC0-A277-A6FFCDEDBF24}.Fakestore|Any CPU.ActiveCfg = Fakestore|Any CPU
		{58F6DA15-8C8C-4FC0-A277-A6FFCDEDBF24}.Fakestore|Any CPU.Build.0 = Fakestore|Any CPU
		{58F6DA15-8C8C-4FC0-A277-A6FFCDEDBF24}.Release|Any CPU.ActiveCfg = Release|Any CPU
		{58F6DA15-8C8C-4FC0-A277-A6FFCDEDBF24}.Release|Any CPU.Build.0 = Release|Any CPU
		{0A0DFC6D-4DC2-4C0D-8549-30B17C1F4521}.Debug|Any CPU.ActiveCfg = Debug|Any CPU
		{0A0DFC6D-4DC2-4C0D-8549-30B17C1F4521}.Debug|Any CPU.Build.0 = Debug|Any CPU
		{0A0DFC6D-4DC2-4C0D-8549-30B17C1F4521}.Demo|Any CPU.ActiveCfg = Debug|Any CPU
		{0A0DFC6D-4DC2-4C0D-8549-30B17C1F4521}.Demo|Any CPU.Build.0 = Debug|Any CPU
		{0A0DFC6D-4DC2-4C0D-8549-30B17C1F4521}.Fakestore|Any CPU.ActiveCfg = Release|Any CPU
		{0A0DFC6D-4DC2-4C0D-8549-30B17C1F4521}.Fakestore|Any CPU.Build.0 = Release|Any CPU
		{0A0DFC6D-4DC2-4C0D-8549-30B17C1F4521}.Release|Any CPU.ActiveCfg = Release|Any CPU
		{0A0DFC6D-4DC2-4C0D-8549-30B17C1F4521}.Release|Any CPU.Build.0 = Release|Any CPU
	EndGlobalSection
	GlobalSection(SolutionProperties) = preSolution
		HideSolutionNode = FALSE
	EndGlobalSection
EndGlobal
